
Microsoft Visual Studio Solution File, Format Version 12.00
# Visual Studio 15
VisualStudioVersion = 15.0.28307.102
MinimumVisualStudioVersion = 10.0.40219.1
Project("{FAE04EC0-301F-11D3-BF4B-00C04F79EFBC}") = "Epam.Task1.SEQUENCE", "Epam.Task1.\Epam.Task1.SEQUENCE.csproj", "{B74B1680-9295-4643-8223-8EF77BD12F4A}"
EndProject
Project("{FAE04EC0-301F-11D3-BF4B-00C04F79EFBC}") = "Epam.Task1.SIMPLE", "Epam.Task1.SIMPLE\Epam.Task1.SIMPLE.csproj", "{B8A23C6D-5DF2-4736-92EA-BA1083350752}"
EndProject
Project("{FAE04EC0-301F-11D3-BF4B-00C04F79EFBC}") = "Epam.Task1.SQUARE", "Epam.Task1.SQUARE\Epam.Task1.SQUARE.csproj", "{5FA6ABCC-7EDD-4AC7-BF68-63C214B82EC4}"
EndProject
Global
	GlobalSection(SolutionConfigurationPlatforms) = preSolution
		Debug|Any CPU = Debug|Any CPU
		Release|Any CPU = Release|Any CPU
	EndGlobalSection
	GlobalSection(ProjectConfigurationPlatforms) = postSolution
		{B74B1680-9295-4643-8223-8EF77BD12F4A}.Debug|Any CPU.ActiveCfg = Debug|Any CPU
		{B74B1680-9295-4643-8223-8EF77BD12F4A}.Debug|Any CPU.Build.0 = Debug|Any CPU
		{B74B1680-9295-4643-8223-8EF77BD12F4A}.Release|Any CPU.ActiveCfg = Release|Any CPU
		{B74B1680-9295-4643-8223-8EF77BD12F4A}.Release|Any CPU.Build.0 = Release|Any CPU
		{B8A23C6D-5DF2-4736-92EA-BA1083350752}.Debug|Any CPU.ActiveCfg = Debug|Any CPU
		{B8A23C6D-5DF2-4736-92EA-BA1083350752}.Debug|Any CPU.Build.0 = Debug|Any CPU
		{B8A23C6D-5DF2-4736-92EA-BA1083350752}.Release|Any CPU.ActiveCfg = Release|Any CPU
		{B8A23C6D-5DF2-4736-92EA-BA1083350752}.Release|Any CPU.Build.0 = Release|Any CPU
		{5FA6ABCC-7EDD-4AC7-BF68-63C214B82EC4}.Debug|Any CPU.ActiveCfg = Debug|Any CPU
		{5FA6ABCC-7EDD-4AC7-BF68-63C214B82EC4}.Debug|Any CPU.Build.0 = Debug|Any CPU
		{5FA6ABCC-7EDD-4AC7-BF68-63C214B82EC4}.Release|Any CPU.ActiveCfg = Release|Any CPU
		{5FA6ABCC-7EDD-4AC7-BF68-63C214B82EC4}.Release|Any CPU.Build.0 = Release|Any CPU
	EndGlobalSection
	GlobalSection(SolutionProperties) = preSolution
		HideSolutionNode = FALSE
	EndGlobalSection
	GlobalSection(ExtensibilityGlobals) = postSolution
		SolutionGuid = {38D1D024-82BD-48B3-A5E4-8A2C7B5DD98E}
	EndGlobalSection
EndGlobal
