
Microsoft Visual Studio Solution File, Format Version 12.00
# Visual Studio 15
VisualStudioVersion = 15.0.28307.102
MinimumVisualStudioVersion = 10.0.40219.1
Project("{FAE04EC0-301F-11D3-BF4B-00C04F79EFBC}") = "Epam.Task2.1.1RECTANGLE", "Epam.Task2.1.1 RECTANGLE\Epam.Task2.1.1RECTANGLE.csproj", "{2A1390A1-49E0-4462-A23E-E7D5DA8FBC8E}"
EndProject
Project("{FAE04EC0-301F-11D3-BF4B-00C04F79EFBC}") = "Epam.Task2.1.2.TRIANGLE", "Epam.Task2.1.2.TRIANGLE\Epam.Task2.1.2.TRIANGLE.csproj", "{08460936-5585-4234-912E-39070ADDF221}"
EndProject
Project("{FAE04EC0-301F-11D3-BF4B-00C04F79EFBC}") = "Epam.Task2.1.3ANOTHER-TRIANGLE", "Epam.Task3.1.3ANOTHER-TRIANGLE\Epam.Task2.1.3ANOTHER-TRIANGLE.csproj", "{F3E4E757-3F31-4BE7-AFF2-C8DD7C43B305}"
EndProject
Project("{FAE04EC0-301F-11D3-BF4B-00C04F79EFBC}") = "Epam.Tast2.1.4X-MAS-TREE", "Epam.Tast2.X-MAS-TREE\Epam.Tast2.1.4X-MAS-TREE.csproj", "{8738C72D-081A-480C-B5FA-D9CEB004BC86}"
EndProject
Project("{FAE04EC0-301F-11D3-BF4B-00C04F79EFBC}") = "Epam.Task2.1.5SUM-OF-NUMBERS", "Epam.Task2.1.5.SUM-OF-NUMBERS\Epam.Task2.1.5SUM-OF-NUMBERS.csproj", "{2A1E2412-C124-4971-A7CF-266790A4AEFF}"
EndProject
Project("{FAE04EC0-301F-11D3-BF4B-00C04F79EFBC}") = "Epam.Tast2.1.6.FONT-ADJUSTMENT", "Epam.Tast2.1.6.FONT-ADJUSTMENT\Epam.Tast2.1.6.FONT-ADJUSTMENT.csproj", "{9DF79102-B356-41B6-83CD-AE4BF8B6E731}"
EndProject
Project("{FAE04EC0-301F-11D3-BF4B-00C04F79EFBC}") = "Epam.Task2.1.7.ARRAY-PROCESSING", "Epam.Task2.1.7.ARRAY-PROCESSING\Epam.Task2.1.7.ARRAY-PROCESSING.csproj", "{EA68A46A-DE1E-446B-91B6-41572C6BF93E}"
EndProject
Project("{FAE04EC0-301F-11D3-BF4B-00C04F79EFBC}") = "Epam.Task1.1.8.NO-POSITIVE", "Epam.Task1.1.8.NO-POSITIVE\Epam.Task1.1.8.NO-POSITIVE.csproj", "{BF033E2E-01C3-4F2E-9AA8-278D458D8E23}"
EndProject
Project("{FAE04EC0-301F-11D3-BF4B-00C04F79EFBC}") = "Epam.Task2.1.9.NON-NEGATIVE SUM", "Epam.Task2.1.9.NON-NEGATIVE SUM\Epam.Task2.1.9.NON-NEGATIVE SUM.csproj", "{D02CFD59-5E5A-4D95-96E0-C787ADD5BF28}"
EndProject
Project("{FAE04EC0-301F-11D3-BF4B-00C04F79EFBC}") = "Epam.Task2.1.10.2D-ARRAY", "Epam.Task2.1.10.2D-ARRAY\Epam.Task2.1.10.2D-ARRAY.csproj", "{956EF9F3-C639-48D5-8E34-19642B2CD79F}"
EndProject
Project("{FAE04EC0-301F-11D3-BF4B-00C04F79EFBC}") = "Epam.Task2.1.11. AVERAGE-STRING-LENGTH", "Epam.Task2.1.11. AVERAGE-STRING-LENGTH\Epam.Task2.1.11. AVERAGE-STRING-LENGTH.csproj", "{0DDCD18E-3C28-4322-B253-4A05839DF78F}"
EndProject
Project("{FAE04EC0-301F-11D3-BF4B-00C04F79EFBC}") = "Epam.Tst2.1.12.CHAR-DOUBLER", "Epam.Tst2.1.12.CHAR-DOUBLER\Epam.Tst2.1.12.CHAR-DOUBLER.csproj", "{160E6C3C-5559-4D47-A73F-D173CDF844AB}"
EndProject
Global
	GlobalSection(SolutionConfigurationPlatforms) = preSolution
		Debug|Any CPU = Debug|Any CPU
		Release|Any CPU = Release|Any CPU
	EndGlobalSection
	GlobalSection(ProjectConfigurationPlatforms) = postSolution
		{2A1390A1-49E0-4462-A23E-E7D5DA8FBC8E}.Debug|Any CPU.ActiveCfg = Debug|Any CPU
		{2A1390A1-49E0-4462-A23E-E7D5DA8FBC8E}.Debug|Any CPU.Build.0 = Debug|Any CPU
		{2A1390A1-49E0-4462-A23E-E7D5DA8FBC8E}.Release|Any CPU.ActiveCfg = Release|Any CPU
		{2A1390A1-49E0-4462-A23E-E7D5DA8FBC8E}.Release|Any CPU.Build.0 = Release|Any CPU
		{08460936-5585-4234-912E-39070ADDF221}.Debug|Any CPU.ActiveCfg = Debug|Any CPU
		{08460936-5585-4234-912E-39070ADDF221}.Debug|Any CPU.Build.0 = Debug|Any CPU
		{08460936-5585-4234-912E-39070ADDF221}.Release|Any CPU.ActiveCfg = Release|Any CPU
		{08460936-5585-4234-912E-39070ADDF221}.Release|Any CPU.Build.0 = Release|Any CPU
		{F3E4E757-3F31-4BE7-AFF2-C8DD7C43B305}.Debug|Any CPU.ActiveCfg = Debug|Any CPU
		{F3E4E757-3F31-4BE7-AFF2-C8DD7C43B305}.Debug|Any CPU.Build.0 = Debug|Any CPU
		{F3E4E757-3F31-4BE7-AFF2-C8DD7C43B305}.Release|Any CPU.ActiveCfg = Release|Any CPU
		{F3E4E757-3F31-4BE7-AFF2-C8DD7C43B305}.Release|Any CPU.Build.0 = Release|Any CPU
		{8738C72D-081A-480C-B5FA-D9CEB004BC86}.Debug|Any CPU.ActiveCfg = Debug|Any CPU
		{8738C72D-081A-480C-B5FA-D9CEB004BC86}.Debug|Any CPU.Build.0 = Debug|Any CPU
		{8738C72D-081A-480C-B5FA-D9CEB004BC86}.Release|Any CPU.ActiveCfg = Release|Any CPU
		{8738C72D-081A-480C-B5FA-D9CEB004BC86}.Release|Any CPU.Build.0 = Release|Any CPU
		{2A1E2412-C124-4971-A7CF-266790A4AEFF}.Debug|Any CPU.ActiveCfg = Debug|Any CPU
		{2A1E2412-C124-4971-A7CF-266790A4AEFF}.Debug|Any CPU.Build.0 = Debug|Any CPU
		{2A1E2412-C124-4971-A7CF-266790A4AEFF}.Release|Any CPU.ActiveCfg = Release|Any CPU
		{2A1E2412-C124-4971-A7CF-266790A4AEFF}.Release|Any CPU.Build.0 = Release|Any CPU
		{9DF79102-B356-41B6-83CD-AE4BF8B6E731}.Debug|Any CPU.ActiveCfg = Debug|Any CPU
		{9DF79102-B356-41B6-83CD-AE4BF8B6E731}.Debug|Any CPU.Build.0 = Debug|Any CPU
		{9DF79102-B356-41B6-83CD-AE4BF8B6E731}.Release|Any CPU.ActiveCfg = Release|Any CPU
		{9DF79102-B356-41B6-83CD-AE4BF8B6E731}.Release|Any CPU.Build.0 = Release|Any CPU
		{EA68A46A-DE1E-446B-91B6-41572C6BF93E}.Debug|Any CPU.ActiveCfg = Debug|Any CPU
		{EA68A46A-DE1E-446B-91B6-41572C6BF93E}.Debug|Any CPU.Build.0 = Debug|Any CPU
		{EA68A46A-DE1E-446B-91B6-41572C6BF93E}.Release|Any CPU.ActiveCfg = Release|Any CPU
		{EA68A46A-DE1E-446B-91B6-41572C6BF93E}.Release|Any CPU.Build.0 = Release|Any CPU
		{BF033E2E-01C3-4F2E-9AA8-278D458D8E23}.Debug|Any CPU.ActiveCfg = Debug|Any CPU
		{BF033E2E-01C3-4F2E-9AA8-278D458D8E23}.Debug|Any CPU.Build.0 = Debug|Any CPU
		{BF033E2E-01C3-4F2E-9AA8-278D458D8E23}.Release|Any CPU.ActiveCfg = Release|Any CPU
		{BF033E2E-01C3-4F2E-9AA8-278D458D8E23}.Release|Any CPU.Build.0 = Release|Any CPU
		{D02CFD59-5E5A-4D95-96E0-C787ADD5BF28}.Debug|Any CPU.ActiveCfg = Debug|Any CPU
		{D02CFD59-5E5A-4D95-96E0-C787ADD5BF28}.Debug|Any CPU.Build.0 = Debug|Any CPU
		{D02CFD59-5E5A-4D95-96E0-C787ADD5BF28}.Release|Any CPU.ActiveCfg = Release|Any CPU
		{D02CFD59-5E5A-4D95-96E0-C787ADD5BF28}.Release|Any CPU.Build.0 = Release|Any CPU
		{956EF9F3-C639-48D5-8E34-19642B2CD79F}.Debug|Any CPU.ActiveCfg = Debug|Any CPU
		{956EF9F3-C639-48D5-8E34-19642B2CD79F}.Debug|Any CPU.Build.0 = Debug|Any CPU
		{956EF9F3-C639-48D5-8E34-19642B2CD79F}.Release|Any CPU.ActiveCfg = Release|Any CPU
		{956EF9F3-C639-48D5-8E34-19642B2CD79F}.Release|Any CPU.Build.0 = Release|Any CPU
		{0DDCD18E-3C28-4322-B253-4A05839DF78F}.Debug|Any CPU.ActiveCfg = Debug|Any CPU
		{0DDCD18E-3C28-4322-B253-4A05839DF78F}.Debug|Any CPU.Build.0 = Debug|Any CPU
		{0DDCD18E-3C28-4322-B253-4A05839DF78F}.Release|Any CPU.ActiveCfg = Release|Any CPU
		{0DDCD18E-3C28-4322-B253-4A05839DF78F}.Release|Any CPU.Build.0 = Release|Any CPU
		{160E6C3C-5559-4D47-A73F-D173CDF844AB}.Debug|Any CPU.ActiveCfg = Debug|Any CPU
		{160E6C3C-5559-4D47-A73F-D173CDF844AB}.Debug|Any CPU.Build.0 = Debug|Any CPU
		{160E6C3C-5559-4D47-A73F-D173CDF844AB}.Release|Any CPU.ActiveCfg = Release|Any CPU
		{160E6C3C-5559-4D47-A73F-D173CDF844AB}.Release|Any CPU.Build.0 = Release|Any CPU
	EndGlobalSection
	GlobalSection(SolutionProperties) = preSolution
		HideSolutionNode = FALSE
	EndGlobalSection
	GlobalSection(ExtensibilityGlobals) = postSolution
		SolutionGuid = {A2C5DCF5-3F2F-40BB-A7F8-1300DB151D21}
	EndGlobalSection
EndGlobal
